// !$*UTF8*$!
{
	archiveVersion = 1;
	classes = {
	};
	objectVersion = 50;
	objects = {

/* Begin PBXBuildFile section */
		E714147421D89FE80016CEDB /* AppDelegate.swift in Sources */ = {isa = PBXBuildFile; fileRef = E714147321D89FE80016CEDB /* AppDelegate.swift */; };
		E714147B21D89FEA0016CEDB /* Assets.xcassets in Resources */ = {isa = PBXBuildFile; fileRef = E714147A21D89FEA0016CEDB /* Assets.xcassets */; };
		E714147E21D89FEA0016CEDB /* LaunchScreen.storyboard in Resources */ = {isa = PBXBuildFile; fileRef = E714147C21D89FEA0016CEDB /* LaunchScreen.storyboard */; };
		E714148821D8AB580016CEDB /* TripModel.swift in Sources */ = {isa = PBXBuildFile; fileRef = E714148721D8AB580016CEDB /* TripModel.swift */; };
		E714148A21D8AB6A0016CEDB /* TripFunctions.swift in Sources */ = {isa = PBXBuildFile; fileRef = E714148921D8AB6A0016CEDB /* TripFunctions.swift */; };
		E714148C21D8AC8C0016CEDB /* Data.swift in Sources */ = {isa = PBXBuildFile; fileRef = E714148B21D8AC8C0016CEDB /* Data.swift */; };
		E714149021D8B0E80016CEDB /* TripsViewController.swift in Sources */ = {isa = PBXBuildFile; fileRef = E714148F21D8B0E80016CEDB /* TripsViewController.swift */; };
		E714149221D8B10B0016CEDB /* TripsViewController.storyboard in Resources */ = {isa = PBXBuildFile; fileRef = E714149121D8B10B0016CEDB /* TripsViewController.storyboard */; };
		E714149421D8B9670016CEDB /* TripsTableViewCell.swift in Sources */ = {isa = PBXBuildFile; fileRef = E714149321D8B9670016CEDB /* TripsTableViewCell.swift */; };
		E714149721D8BF250016CEDB /* UIViewExtensions.swift in Sources */ = {isa = PBXBuildFile; fileRef = E714149621D8BF250016CEDB /* UIViewExtensions.swift */; };
		E714149A21D8C0540016CEDB /* Theme.swift in Sources */ = {isa = PBXBuildFile; fileRef = E714149921D8C0540016CEDB /* Theme.swift */; };
		E714149C21D8C4500016CEDB /* Roboto-Italic.ttf in Resources */ = {isa = PBXBuildFile; fileRef = E714149B21D8C4500016CEDB /* Roboto-Italic.ttf */; };
		E714149E21D8C7CB0016CEDB /* Colors.xcassets in Resources */ = {isa = PBXBuildFile; fileRef = E714149D21D8C7CB0016CEDB /* Colors.xcassets */; };
		E71414A021D8DACB0016CEDB /* UIButtonExtension.swift in Sources */ = {isa = PBXBuildFile; fileRef = E714149F21D8DACB0016CEDB /* UIButtonExtension.swift */; };
		E71414A221D8DC120016CEDB /* FloatingActionButton.swift in Sources */ = {isa = PBXBuildFile; fileRef = E71414A121D8DC120016CEDB /* FloatingActionButton.swift */; };
		E71414A421D8DEF60016CEDB /* AddTripsViewController.storyboard in Resources */ = {isa = PBXBuildFile; fileRef = E71414A321D8DEF60016CEDB /* AddTripsViewController.storyboard */; };
		E71414A721D8DF370016CEDB /* AddTripViewController.swift in Sources */ = {isa = PBXBuildFile; fileRef = E71414A621D8DF370016CEDB /* AddTripViewController.swift */; };
		E71414AA21D8E4CB0016CEDB /* PopupUIView.swift in Sources */ = {isa = PBXBuildFile; fileRef = E71414A921D8E4CB0016CEDB /* PopupUIView.swift */; };
		E71414AC21D8E6450016CEDB /* AppButton.swift in Sources */ = {isa = PBXBuildFile; fileRef = E71414AB21D8E6450016CEDB /* AppButton.swift */; };
		E73F421B21F2F40F00ECF3BD /* MockData.swift in Sources */ = {isa = PBXBuildFile; fileRef = E73F421A21F2F40F00ECF3BD /* MockData.swift */; };
		E74F540B21F32C2300483DEF /* HeaderTableViewCell.swift in Sources */ = {isa = PBXBuildFile; fileRef = E74F540A21F32C2300483DEF /* HeaderTableViewCell.swift */; };
		E78DB14221EB6F4B00FC4731 /* DayModel.swift in Sources */ = {isa = PBXBuildFile; fileRef = E78DB14121EB6F4B00FC4731 /* DayModel.swift */; };
		E78DB14721EB710900FC4731 /* ActivityTypeEnum.swift in Sources */ = {isa = PBXBuildFile; fileRef = E78DB14621EB710900FC4731 /* ActivityTypeEnum.swift */; };
		E78DB14A21EB755200FC4731 /* ActivitiesViewController.swift in Sources */ = {isa = PBXBuildFile; fileRef = E78DB14921EB755200FC4731 /* ActivitiesViewController.swift */; };
		E78DB14C21EB79FD00FC4731 /* ActivitiesViewController.storyboard in Resources */ = {isa = PBXBuildFile; fileRef = E78DB14B21EB79FD00FC4731 /* ActivitiesViewController.storyboard */; };
		E78DB14F21EB7CD500FC4731 /* ActivityTypeEnum.swift in Sources */ = {isa = PBXBuildFile; fileRef = E78DB14E21EB7CD500FC4731 /* ActivityTypeEnum.swift */; };
		E78DB15121EB7D1D00FC4731 /* ActivityModel.swift in Sources */ = {isa = PBXBuildFile; fileRef = E78DB15021EB7D1D00FC4731 /* ActivityModel.swift */; };
/* End PBXBuildFile section */

/* Begin PBXFileReference section */
		E714147021D89FE80016CEDB /* l-itinerary.app */ = {isa = PBXFileReference; explicitFileType = wrapper.application; includeInIndex = 0; path = "l-itinerary.app"; sourceTree = BUILT_PRODUCTS_DIR; };
		E714147321D89FE80016CEDB /* AppDelegate.swift */ = {isa = PBXFileReference; lastKnownFileType = sourcecode.swift; path = AppDelegate.swift; sourceTree = "<group>"; };
		E714147A21D89FEA0016CEDB /* Assets.xcassets */ = {isa = PBXFileReference; lastKnownFileType = folder.assetcatalog; path = Assets.xcassets; sourceTree = "<group>"; };
		E714147D21D89FEA0016CEDB /* Base */ = {isa = PBXFileReference; lastKnownFileType = file.storyboard; name = Base; path = Base.lproj/LaunchScreen.storyboard; sourceTree = "<group>"; };
		E714147F21D89FEA0016CEDB /* Info.plist */ = {isa = PBXFileReference; lastKnownFileType = text.plist.xml; path = Info.plist; sourceTree = "<group>"; };
		E714148721D8AB580016CEDB /* TripModel.swift */ = {isa = PBXFileReference; lastKnownFileType = sourcecode.swift; path = TripModel.swift; sourceTree = "<group>"; };
		E714148921D8AB6A0016CEDB /* TripFunctions.swift */ = {isa = PBXFileReference; lastKnownFileType = sourcecode.swift; path = TripFunctions.swift; sourceTree = "<group>"; };
		E714148B21D8AC8C0016CEDB /* Data.swift */ = {isa = PBXFileReference; lastKnownFileType = sourcecode.swift; path = Data.swift; sourceTree = "<group>"; };
		E714148F21D8B0E80016CEDB /* TripsViewController.swift */ = {isa = PBXFileReference; lastKnownFileType = sourcecode.swift; path = TripsViewController.swift; sourceTree = "<group>"; };
		E714149121D8B10B0016CEDB /* TripsViewController.storyboard */ = {isa = PBXFileReference; lastKnownFileType = file.storyboard; path = TripsViewController.storyboard; sourceTree = "<group>"; };
		E714149321D8B9670016CEDB /* TripsTableViewCell.swift */ = {isa = PBXFileReference; lastKnownFileType = sourcecode.swift; path = TripsTableViewCell.swift; sourceTree = "<group>"; };
		E714149621D8BF250016CEDB /* UIViewExtensions.swift */ = {isa = PBXFileReference; lastKnownFileType = sourcecode.swift; path = UIViewExtensions.swift; sourceTree = "<group>"; };
		E714149921D8C0540016CEDB /* Theme.swift */ = {isa = PBXFileReference; lastKnownFileType = sourcecode.swift; path = Theme.swift; sourceTree = "<group>"; };
		E714149B21D8C4500016CEDB /* Roboto-Italic.ttf */ = {isa = PBXFileReference; lastKnownFileType = file; path = "Roboto-Italic.ttf"; sourceTree = "<group>"; };
		E714149D21D8C7CB0016CEDB /* Colors.xcassets */ = {isa = PBXFileReference; lastKnownFileType = folder.assetcatalog; path = Colors.xcassets; sourceTree = "<group>"; };
		E714149F21D8DACB0016CEDB /* UIButtonExtension.swift */ = {isa = PBXFileReference; lastKnownFileType = sourcecode.swift; path = UIButtonExtension.swift; sourceTree = "<group>"; };
		E71414A121D8DC120016CEDB /* FloatingActionButton.swift */ = {isa = PBXFileReference; lastKnownFileType = sourcecode.swift; path = FloatingActionButton.swift; sourceTree = "<group>"; };
		E71414A321D8DEF60016CEDB /* AddTripsViewController.storyboard */ = {isa = PBXFileReference; fileEncoding = 4; lastKnownFileType = file.storyboard; path = AddTripsViewController.storyboard; sourceTree = "<group>"; };
		E71414A621D8DF370016CEDB /* AddTripViewController.swift */ = {isa = PBXFileReference; lastKnownFileType = sourcecode.swift; path = AddTripViewController.swift; sourceTree = "<group>"; };
		E71414A921D8E4CB0016CEDB /* PopupUIView.swift */ = {isa = PBXFileReference; lastKnownFileType = sourcecode.swift; path = PopupUIView.swift; sourceTree = "<group>"; };
		E71414AB21D8E6450016CEDB /* AppButton.swift */ = {isa = PBXFileReference; lastKnownFileType = sourcecode.swift; path = AppButton.swift; sourceTree = "<group>"; };
		E73F421A21F2F40F00ECF3BD /* MockData.swift */ = {isa = PBXFileReference; lastKnownFileType = sourcecode.swift; path = MockData.swift; sourceTree = "<group>"; };
		E74F540A21F32C2300483DEF /* HeaderTableViewCell.swift */ = {isa = PBXFileReference; lastKnownFileType = sourcecode.swift; path = HeaderTableViewCell.swift; sourceTree = "<group>"; };
		E78DB14121EB6F4B00FC4731 /* DayModel.swift */ = {isa = PBXFileReference; lastKnownFileType = sourcecode.swift; path = DayModel.swift; sourceTree = "<group>"; };
		E78DB14621EB710900FC4731 /* ActivityTypeEnum.swift */ = {isa = PBXFileReference; lastKnownFileType = sourcecode.swift; path = ActivityTypeEnum.swift; sourceTree = "<group>"; };
		E78DB14921EB755200FC4731 /* ActivitiesViewController.swift */ = {isa = PBXFileReference; lastKnownFileType = sourcecode.swift; path = ActivitiesViewController.swift; sourceTree = "<group>"; };
		E78DB14B21EB79FD00FC4731 /* ActivitiesViewController.storyboard */ = {isa = PBXFileReference; lastKnownFileType = file.storyboard; path = ActivitiesViewController.storyboard; sourceTree = "<group>"; };
		E78DB14E21EB7CD500FC4731 /* ActivityTypeEnum.swift */ = {isa = PBXFileReference; fileEncoding = 4; lastKnownFileType = sourcecode.swift; path = ActivityTypeEnum.swift; sourceTree = "<group>"; };
		E78DB15021EB7D1D00FC4731 /* ActivityModel.swift */ = {isa = PBXFileReference; lastKnownFileType = sourcecode.swift; path = ActivityModel.swift; sourceTree = "<group>"; };
/* End PBXFileReference section */

/* Begin PBXFrameworksBuildPhase section */
		E714146D21D89FE80016CEDB /* Frameworks */ = {
			isa = PBXFrameworksBuildPhase;
			buildActionMask = 2147483647;
			files = (
			);
			runOnlyForDeploymentPostprocessing = 0;
		};
/* End PBXFrameworksBuildPhase section */

/* Begin PBXGroup section */
		E714146721D89FE80016CEDB = {
			isa = PBXGroup;
			children = (
				E714147221D89FE80016CEDB /* l-itinerary */,
				E714147121D89FE80016CEDB /* Products */,
			);
			sourceTree = "<group>";
		};
		E714147121D89FE80016CEDB /* Products */ = {
			isa = PBXGroup;
			children = (
				E714147021D89FE80016CEDB /* l-itinerary.app */,
			);
			name = Products;
			sourceTree = "<group>";
		};
		E714147221D89FE80016CEDB /* l-itinerary */ = {
			isa = PBXGroup;
			children = (
				E714149821D8C01D0016CEDB /* Resources */,
				E714148521D8AAF80016CEDB /* Model */,
				E714148D21D8B09E0016CEDB /* Views */,
				E714147321D89FE80016CEDB /* AppDelegate.swift */,
				E714147A21D89FEA0016CEDB /* Assets.xcassets */,
				E714147C21D89FEA0016CEDB /* LaunchScreen.storyboard */,
				E714147F21D89FEA0016CEDB /* Info.plist */,
			);
			path = "l-itinerary";
			sourceTree = "<group>";
		};
		E714148521D8AAF80016CEDB /* Model */ = {
			isa = PBXGroup;
			children = (
				E714148B21D8AC8C0016CEDB /* Data.swift */,
				E73F421A21F2F40F00ECF3BD /* MockData.swift */,
				E714148621D8AB280016CEDB /* Trip */,
				E78DB14021EB6F3300FC4731 /* Day */,
				E78DB14321EB701B00FC4731 /* Activity */,
			);
			path = Model;
			sourceTree = "<group>";
		};
		E714148621D8AB280016CEDB /* Trip */ = {
			isa = PBXGroup;
			children = (
				E714148721D8AB580016CEDB /* TripModel.swift */,
				E714148921D8AB6A0016CEDB /* TripFunctions.swift */,
			);
			path = Trip;
			sourceTree = "<group>";
		};
		E714148D21D8B09E0016CEDB /* Views */ = {
			isa = PBXGroup;
			children = (
				E71414A521D8DF040016CEDB /* AddTipsViewController */,
				E714148E21D8B0AB0016CEDB /* TripViewController */,
				E78DB14821EB74FE00FC4731 /* ActivitiesViewController */,
			);
			path = Views;
			sourceTree = "<group>";
		};
		E714148E21D8B0AB0016CEDB /* TripViewController */ = {
			isa = PBXGroup;
			children = (
				E714149121D8B10B0016CEDB /* TripsViewController.storyboard */,
				E714149321D8B9670016CEDB /* TripsTableViewCell.swift */,
				E714148F21D8B0E80016CEDB /* TripsViewController.swift */,
			);
			path = TripViewController;
			sourceTree = "<group>";
		};
		E714149521D8BEDB0016CEDB /* Extensions */ = {
			isa = PBXGroup;
			children = (
				E714149621D8BF250016CEDB /* UIViewExtensions.swift */,
				E714149F21D8DACB0016CEDB /* UIButtonExtension.swift */,
				E71414A121D8DC120016CEDB /* FloatingActionButton.swift */,
			);
			path = Extensions;
			sourceTree = "<group>";
		};
		E714149821D8C01D0016CEDB /* Resources */ = {
			isa = PBXGroup;
			children = (
				E71414A821D8E4A60016CEDB /* CustomControls */,
				E714149521D8BEDB0016CEDB /* Extensions */,
				E714149B21D8C4500016CEDB /* Roboto-Italic.ttf */,
				E714149921D8C0540016CEDB /* Theme.swift */,
				E714149D21D8C7CB0016CEDB /* Colors.xcassets */,
			);
			path = Resources;
			sourceTree = "<group>";
		};
		E71414A521D8DF040016CEDB /* AddTipsViewController */ = {
			isa = PBXGroup;
			children = (
				E71414A321D8DEF60016CEDB /* AddTripsViewController.storyboard */,
				E71414A621D8DF370016CEDB /* AddTripViewController.swift */,
			);
			path = AddTipsViewController;
			sourceTree = "<group>";
		};
		E71414A821D8E4A60016CEDB /* CustomControls */ = {
			isa = PBXGroup;
			children = (
				E71414A921D8E4CB0016CEDB /* PopupUIView.swift */,
				E71414AB21D8E6450016CEDB /* AppButton.swift */,
			);
			path = CustomControls;
			sourceTree = "<group>";
		};
		E78DB14021EB6F3300FC4731 /* Day */ = {
			isa = PBXGroup;
			children = (
				E78DB14121EB6F4B00FC4731 /* DayModel.swift */,
			);
			path = Day;
			sourceTree = "<group>";
		};
		E78DB14321EB701B00FC4731 /* Activity */ = {
			isa = PBXGroup;
			children = (
				E78DB14D21EB7CD500FC4731 /* Activity */,
				E78DB14621EB710900FC4731 /* ActivityTypeEnum.swift */,
			);
			path = Activity;
			sourceTree = "<group>";
		};
		E78DB14821EB74FE00FC4731 /* ActivitiesViewController */ = {
			isa = PBXGroup;
			children = (
				E78DB14B21EB79FD00FC4731 /* ActivitiesViewController.storyboard */,
				E78DB14921EB755200FC4731 /* ActivitiesViewController.swift */,
				E74F540A21F32C2300483DEF /* HeaderTableViewCell.swift */,
			);
			path = ActivitiesViewController;
			sourceTree = "<group>";
		};
		E78DB14D21EB7CD500FC4731 /* Activity */ = {
			isa = PBXGroup;
			children = (
				E78DB15021EB7D1D00FC4731 /* ActivityModel.swift */,
				E78DB14E21EB7CD500FC4731 /* ActivityTypeEnum.swift */,
			);
			name = Activity;
			sourceTree = "<group>";
		};
/* End PBXGroup section */

/* Begin PBXNativeTarget section */
		E714146F21D89FE80016CEDB /* l-itinerary */ = {
			isa = PBXNativeTarget;
			buildConfigurationList = E714148221D89FEA0016CEDB /* Build configuration list for PBXNativeTarget "l-itinerary" */;
			buildPhases = (
				E714146C21D89FE80016CEDB /* Sources */,
				E714146D21D89FE80016CEDB /* Frameworks */,
				E714146E21D89FE80016CEDB /* Resources */,
			);
			buildRules = (
			);
			dependencies = (
			);
			name = "l-itinerary";
			productName = "l-itinerary";
			productReference = E714147021D89FE80016CEDB /* l-itinerary.app */;
			productType = "com.apple.product-type.application";
		};
/* End PBXNativeTarget section */

/* Begin PBXProject section */
		E714146821D89FE80016CEDB /* Project object */ = {
			isa = PBXProject;
			attributes = {
				KnownAssetTags = (
					New,
				);
				LastSwiftUpdateCheck = 1000;
				LastUpgradeCheck = 1000;
				ORGANIZATIONNAME = "Princess Max";
				TargetAttributes = {
					E714146F21D89FE80016CEDB = {
						CreatedOnToolsVersion = 10.0;
					};
				};
			};
			buildConfigurationList = E714146B21D89FE80016CEDB /* Build configuration list for PBXProject "l-itinerary" */;
			compatibilityVersion = "Xcode 9.3";
			developmentRegion = en;
			hasScannedForEncodings = 0;
			knownRegions = (
				en,
				Base,
			);
			mainGroup = E714146721D89FE80016CEDB;
			productRefGroup = E714147121D89FE80016CEDB /* Products */;
			projectDirPath = "";
			projectRoot = "";
			targets = (
				E714146F21D89FE80016CEDB /* l-itinerary */,
			);
		};
/* End PBXProject section */

/* Begin PBXResourcesBuildPhase section */
		E714146E21D89FE80016CEDB /* Resources */ = {
			isa = PBXResourcesBuildPhase;
			buildActionMask = 2147483647;
			files = (
				E714149E21D8C7CB0016CEDB /* Colors.xcassets in Resources */,
				E714147E21D89FEA0016CEDB /* LaunchScreen.storyboard in Resources */,
				E71414A421D8DEF60016CEDB /* AddTripsViewController.storyboard in Resources */,
				E714149C21D8C4500016CEDB /* Roboto-Italic.ttf in Resources */,
				E714149221D8B10B0016CEDB /* TripsViewController.storyboard in Resources */,
				E714147B21D89FEA0016CEDB /* Assets.xcassets in Resources */,
				E78DB14C21EB79FD00FC4731 /* ActivitiesViewController.storyboard in Resources */,
			);
			runOnlyForDeploymentPostprocessing = 0;
		};
/* End PBXResourcesBuildPhase section */

/* Begin PBXSourcesBuildPhase section */
		E714146C21D89FE80016CEDB /* Sources */ = {
			isa = PBXSourcesBuildPhase;
			buildActionMask = 2147483647;
			files = (
				E714149421D8B9670016CEDB /* TripsTableViewCell.swift in Sources */,
				E714149A21D8C0540016CEDB /* Theme.swift in Sources */,
				E78DB15121EB7D1D00FC4731 /* ActivityModel.swift in Sources */,
				E78DB14221EB6F4B00FC4731 /* DayModel.swift in Sources */,
				E714149721D8BF250016CEDB /* UIViewExtensions.swift in Sources */,
				E714148821D8AB580016CEDB /* TripModel.swift in Sources */,
				E78DB14A21EB755200FC4731 /* ActivitiesViewController.swift in Sources */,
				E78DB14721EB710900FC4731 /* ActivityTypeEnum.swift in Sources */,
				E73F421B21F2F40F00ECF3BD /* MockData.swift in Sources */,
				E78DB14F21EB7CD500FC4731 /* ActivityTypeEnum.swift in Sources */,
				E714147421D89FE80016CEDB /* AppDelegate.swift in Sources */,
				E71414AA21D8E4CB0016CEDB /* PopupUIView.swift in Sources */,
				E71414A021D8DACB0016CEDB /* UIButtonExtension.swift in Sources */,
				E714148A21D8AB6A0016CEDB /* TripFunctions.swift in Sources */,
				E71414A721D8DF370016CEDB /* AddTripViewController.swift in Sources */,
				E71414AC21D8E6450016CEDB /* AppButton.swift in Sources */,
				E74F540B21F32C2300483DEF /* HeaderTableViewCell.swift in Sources */,
				E71414A221D8DC120016CEDB /* FloatingActionButton.swift in Sources */,
				E714148C21D8AC8C0016CEDB /* Data.swift in Sources */,
				E714149021D8B0E80016CEDB /* TripsViewController.swift in Sources */,
			);
			runOnlyForDeploymentPostprocessing = 0;
		};
/* End PBXSourcesBuildPhase section */

/* Begin PBXVariantGroup section */
		E714147C21D89FEA0016CEDB /* LaunchScreen.storyboard */ = {
			isa = PBXVariantGroup;
			children = (
				E714147D21D89FEA0016CEDB /* Base */,
			);
			name = LaunchScreen.storyboard;
			sourceTree = "<group>";
		};
/* End PBXVariantGroup section */

/* Begin XCBuildConfiguration section */
		E714148021D89FEA0016CEDB /* Debug */ = {
			isa = XCBuildConfiguration;
			buildSettings = {
				ALWAYS_SEARCH_USER_PATHS = NO;
				CLANG_ANALYZER_NONNULL = YES;
				CLANG_ANALYZER_NUMBER_OBJECT_CONVERSION = YES_AGGRESSIVE;
				CLANG_CXX_LANGUAGE_STANDARD = "gnu++14";
				CLANG_CXX_LIBRARY = "libc++";
				CLANG_ENABLE_MODULES = YES;
				CLANG_ENABLE_OBJC_ARC = YES;
				CLANG_ENABLE_OBJC_WEAK = YES;
				CLANG_WARN_BLOCK_CAPTURE_AUTORELEASING = YES;
				CLANG_WARN_BOOL_CONVERSION = YES;
				CLANG_WARN_COMMA = YES;
				CLANG_WARN_CONSTANT_CONVERSION = YES;
				CLANG_WARN_DEPRECATED_OBJC_IMPLEMENTATIONS = YES;
				CLANG_WARN_DIRECT_OBJC_ISA_USAGE = YES_ERROR;
				CLANG_WARN_DOCUMENTATION_COMMENTS = YES;
				CLANG_WARN_EMPTY_BODY = YES;
				CLANG_WARN_ENUM_CONVERSION = YES;
				CLANG_WARN_INFINITE_RECURSION = YES;
				CLANG_WARN_INT_CONVERSION = YES;
				CLANG_WARN_NON_LITERAL_NULL_CONVERSION = YES;
				CLANG_WARN_OBJC_IMPLICIT_RETAIN_SELF = YES;
				CLANG_WARN_OBJC_LITERAL_CONVERSION = YES;
				CLANG_WARN_OBJC_ROOT_CLASS = YES_ERROR;
				CLANG_WARN_RANGE_LOOP_ANALYSIS = YES;
				CLANG_WARN_STRICT_PROTOTYPES = YES;
				CLANG_WARN_SUSPICIOUS_MOVE = YES;
				CLANG_WARN_UNGUARDED_AVAILABILITY = YES_AGGRESSIVE;
				CLANG_WARN_UNREACHABLE_CODE = YES;
				CLANG_WARN__DUPLICATE_METHOD_MATCH = YES;
				CODE_SIGN_IDENTITY = "iPhone Developer";
				COPY_PHASE_STRIP = NO;
				DEBUG_INFORMATION_FORMAT = dwarf;
				ENABLE_STRICT_OBJC_MSGSEND = YES;
				ENABLE_TESTABILITY = YES;
				GCC_C_LANGUAGE_STANDARD = gnu11;
				GCC_DYNAMIC_NO_PIC = NO;
				GCC_NO_COMMON_BLOCKS = YES;
				GCC_OPTIMIZATION_LEVEL = 0;
				GCC_PREPROCESSOR_DEFINITIONS = (
					"DEBUG=1",
					"$(inherited)",
				);
				GCC_WARN_64_TO_32_BIT_CONVERSION = YES;
				GCC_WARN_ABOUT_RETURN_TYPE = YES_ERROR;
				GCC_WARN_UNDECLARED_SELECTOR = YES;
				GCC_WARN_UNINITIALIZED_AUTOS = YES_AGGRESSIVE;
				GCC_WARN_UNUSED_FUNCTION = YES;
				GCC_WARN_UNUSED_VARIABLE = YES;
				IPHONEOS_DEPLOYMENT_TARGET = 12.0;
				MTL_ENABLE_DEBUG_INFO = INCLUDE_SOURCE;
				MTL_FAST_MATH = YES;
				ONLY_ACTIVE_ARCH = YES;
				SDKROOT = iphoneos;
				SWIFT_ACTIVE_COMPILATION_CONDITIONS = DEBUG;
				SWIFT_OPTIMIZATION_LEVEL = "-Onone";
			};
			name = Debug;
		};
		E714148121D89FEA0016CEDB /* Release */ = {
			isa = XCBuildConfiguration;
			buildSettings = {
				ALWAYS_SEARCH_USER_PATHS = NO;
				CLANG_ANALYZER_NONNULL = YES;
				CLANG_ANALYZER_NUMBER_OBJECT_CONVERSION = YES_AGGRESSIVE;
				CLANG_CXX_LANGUAGE_STANDARD = "gnu++14";
				CLANG_CXX_LIBRARY = "libc++";
				CLANG_ENABLE_MODULES = YES;
				CLANG_ENABLE_OBJC_ARC = YES;
				CLANG_ENABLE_OBJC_WEAK = YES;
				CLANG_WARN_BLOCK_CAPTURE_AUTORELEASING = YES;
				CLANG_WARN_BOOL_CONVERSION = YES;
				CLANG_WARN_COMMA = YES;
				CLANG_WARN_CONSTANT_CONVERSION = YES;
				CLANG_WARN_DEPRECATED_OBJC_IMPLEMENTATIONS = YES;
				CLANG_WARN_DIRECT_OBJC_ISA_USAGE = YES_ERROR;
				CLANG_WARN_DOCUMENTATION_COMMENTS = YES;
				CLANG_WARN_EMPTY_BODY = YES;
				CLANG_WARN_ENUM_CONVERSION = YES;
				CLANG_WARN_INFINITE_RECURSION = YES;
				CLANG_WARN_INT_CONVERSION = YES;
				CLANG_WARN_NON_LITERAL_NULL_CONVERSION = YES;
				CLANG_WARN_OBJC_IMPLICIT_RETAIN_SELF = YES;
				CLANG_WARN_OBJC_LITERAL_CONVERSION = YES;
				CLANG_WARN_OBJC_ROOT_CLASS = YES_ERROR;
				CLANG_WARN_RANGE_LOOP_ANALYSIS = YES;
				CLANG_WARN_STRICT_PROTOTYPES = YES;
				CLANG_WARN_SUSPICIOUS_MOVE = YES;
				CLANG_WARN_UNGUARDED_AVAILABILITY = YES_AGGRESSIVE;
				CLANG_WARN_UNREACHABLE_CODE = YES;
				CLANG_WARN__DUPLICATE_METHOD_MATCH = YES;
				CODE_SIGN_IDENTITY = "iPhone Developer";
				COPY_PHASE_STRIP = NO;
				DEBUG_INFORMATION_FORMAT = "dwarf-with-dsym";
				ENABLE_NS_ASSERTIONS = NO;
				ENABLE_STRICT_OBJC_MSGSEND = YES;
				GCC_C_LANGUAGE_STANDARD = gnu11;
				GCC_NO_COMMON_BLOCKS = YES;
				GCC_WARN_64_TO_32_BIT_CONVERSION = YES;
				GCC_WARN_ABOUT_RETURN_TYPE = YES_ERROR;
				GCC_WARN_UNDECLARED_SELECTOR = YES;
				GCC_WARN_UNINITIALIZED_AUTOS = YES_AGGRESSIVE;
				GCC_WARN_UNUSED_FUNCTION = YES;
				GCC_WARN_UNUSED_VARIABLE = YES;
				IPHONEOS_DEPLOYMENT_TARGET = 12.0;
				MTL_ENABLE_DEBUG_INFO = NO;
				MTL_FAST_MATH = YES;
				SDKROOT = iphoneos;
				SWIFT_COMPILATION_MODE = wholemodule;
				SWIFT_OPTIMIZATION_LEVEL = "-O";
				VALIDATE_PRODUCT = YES;
			};
			name = Release;
		};
		E714148321D89FEA0016CEDB /* Debug */ = {
			isa = XCBuildConfiguration;
			buildSettings = {
				ASSETCATALOG_COMPILER_APPICON_NAME = AppIcon;
				CODE_SIGN_STYLE = Automatic;
				DEVELOPMENT_TEAM = F7HQJR66P4;
				INFOPLIST_FILE = "l-itinerary/Info.plist";
				LD_RUNPATH_SEARCH_PATHS = (
					"$(inherited)",
					"@executable_path/Frameworks",
				);
				PRODUCT_BUNDLE_IDENTIFIER = "swift.l-itinerary";
				PRODUCT_NAME = "$(TARGET_NAME)";
				SWIFT_ENABLE_BATCH_MODE = NO;
				SWIFT_VERSION = 4.2;
				TARGETED_DEVICE_FAMILY = "1,2";
			};
			name = Debug;
		};
		E714148421D89FEA0016CEDB /* Release */ = {
			isa = XCBuildConfiguration;
			buildSettings = {
				ASSETCATALOG_COMPILER_APPICON_NAME = AppIcon;
				CODE_SIGN_STYLE = Automatic;
				DEVELOPMENT_TEAM = F7HQJR66P4;
				INFOPLIST_FILE = "l-itinerary/Info.plist";
				LD_RUNPATH_SEARCH_PATHS = (
					"$(inherited)",
					"@executable_path/Frameworks",
				);
				PRODUCT_BUNDLE_IDENTIFIER = "swift.l-itinerary";
				PRODUCT_NAME = "$(TARGET_NAME)";
				SWIFT_ENABLE_BATCH_MODE = NO;
				SWIFT_VERSION = 4.2;
				TARGETED_DEVICE_FAMILY = "1,2";
			};
			name = Release;
		};
/* End XCBuildConfiguration section */

/* Begin XCConfigurationList section */
		E714146B21D89FE80016CEDB /* Build configuration list for PBXProject "l-itinerary" */ = {
			isa = XCConfigurationList;
			buildConfigurations = (
				E714148021D89FEA0016CEDB /* Debug */,
				E714148121D89FEA0016CEDB /* Release */,
			);
			defaultConfigurationIsVisible = 0;
			defaultConfigurationName = Release;
		};
		E714148221D89FEA0016CEDB /* Build configuration list for PBXNativeTarget "l-itinerary" */ = {
			isa = XCConfigurationList;
			buildConfigurations = (
				E714148321D89FEA0016CEDB /* Debug */,
				E714148421D89FEA0016CEDB /* Release */,
			);
			defaultConfigurationIsVisible = 0;
			defaultConfigurationName = Release;
		};
/* End XCConfigurationList section */
	};
	rootObject = E714146821D89FE80016CEDB /* Project object */;
}
